
Microsoft Visual Studio Solution File, Format Version 12.00
# Visual Studio Version 17
VisualStudioVersion = 17.2.32616.157
MinimumVisualStudioVersion = 10.0.40219.1
Project("{FAE04EC0-301F-11D3-BF4B-00C04F79EFBC}") = "UbReviewer", "UbReviewer.csproj", "{B36F7B9C-F251-4DA1-969F-6FA7ADA2F3CB}"
EndProject
Project("{9A19103F-16F7-4668-BE54-9A1E7A4F7556}") = "UbStandardObjects", "..\..\UbStandardObjects\UbStandardObjects.csproj", "{0A3E0D15-B344-48C6-9437-2BB1EAB91BC2}"
EndProject
Global
	GlobalSection(SolutionConfigurationPlatforms) = preSolution
		Debug|Any CPU = Debug|Any CPU
		Release|Any CPU = Release|Any CPU
	EndGlobalSection
	GlobalSection(ProjectConfigurationPlatforms) = postSolution
		{B36F7B9C-F251-4DA1-969F-6FA7ADA2F3CB}.Debug|Any CPU.ActiveCfg = Debug|Any CPU
		{B36F7B9C-F251-4DA1-969F-6FA7ADA2F3CB}.Debug|Any CPU.Build.0 = Debug|Any CPU
		{B36F7B9C-F251-4DA1-969F-6FA7ADA2F3CB}.Release|Any CPU.ActiveCfg = Release|Any CPU
		{B36F7B9C-F251-4DA1-969F-6FA7ADA2F3CB}.Release|Any CPU.Build.0 = Release|Any CPU
		{0A3E0D15-B344-48C6-9437-2BB1EAB91BC2}.Debug|Any CPU.ActiveCfg = Debug|Any CPU
		{0A3E0D15-B344-48C6-9437-2BB1EAB91BC2}.Debug|Any CPU.Build.0 = Debug|Any CPU
		{0A3E0D15-B344-48C6-9437-2BB1EAB91BC2}.Release|Any CPU.ActiveCfg = Release|Any CPU
		{0A3E0D15-B344-48C6-9437-2BB1EAB91BC2}.Release|Any CPU.Build.0 = Release|Any CPU
	EndGlobalSection
	GlobalSection(SolutionProperties) = preSolution
		HideSolutionNode = FALSE
	EndGlobalSection
	GlobalSection(ExtensibilityGlobals) = postSolution
		SolutionGuid = {8B27DA88-6B63-434C-BAC6-82AEB33C98BB}
	EndGlobalSection
EndGlobal
